
Microsoft Visual Studio Solution File, Format Version 12.00
# Visual Studio 15
VisualStudioVersion = 15.0.27130.2036
MinimumVisualStudioVersion = 10.0.40219.1
Project("{2150E333-8FDC-42A3-9474-1A3956D46DE8}") = "1 - Api", "1 - Api", "{8B86B5D0-63F3-4D86-8701-1EA9EF365C54}"
EndProject
Project("{2150E333-8FDC-42A3-9474-1A3956D46DE8}") = "2 - Domain", "2 - Domain", "{65544F3F-BFE3-4DA1-A20C-B8276DC89373}"
EndProject
Project("{2150E333-8FDC-42A3-9474-1A3956D46DE8}") = "3 - Infra", "3 - Infra", "{91D337B1-A981-4219-B974-504834BC0519}"
EndProject
Project("{2150E333-8FDC-42A3-9474-1A3956D46DE8}") = "4 - Shared", "4 - Shared", "{41B5063A-01ED-4252-A676-756AE9A0128B}"
EndProject
Project("{2150E333-8FDC-42A3-9474-1A3956D46DE8}") = "5 - Test", "5 - Test", "{6A51DBE7-11CC-400B-9F9C-80A6D0BC1213}"
EndProject
Project("{9A19103F-16F7-4668-BE54-9A1E7A4F7556}") = "ArquiteturaPadrao.Api", "ArquiteturaPadrao.Api\ArquiteturaPadrao.Api.csproj", "{12D9669E-C186-4809-9461-4227E061A73B}"
EndProject
Project("{9A19103F-16F7-4668-BE54-9A1E7A4F7556}") = "ArquiteturaPadrao.Domain", "ArquiteturaPadrao.Domain\ArquiteturaPadrao.Domain.csproj", "{EA0E460D-CBA1-426D-9BA7-E583E4EC1B87}"
EndProject
Project("{9A19103F-16F7-4668-BE54-9A1E7A4F7556}") = "ArquiteturaPadrao.Infra", "ArquiteturaPadrao.Infra\ArquiteturaPadrao.Infra.csproj", "{F72E540A-64B4-441E-8087-F83423881635}"
EndProject
Project("{9A19103F-16F7-4668-BE54-9A1E7A4F7556}") = "ArquiteturaPadrao.Shared", "ArquiteturaPadrao.Shared\ArquiteturaPadrao.Shared.csproj", "{E257EA34-1069-4885-97BE-46E461F3CF63}"
EndProject
Project("{FAE04EC0-301F-11D3-BF4B-00C04F79EFBC}") = "ArquiteturaPadrao.Test", "ArquiteturaPadrao.Test\ArquiteturaPadrao.Test.csproj", "{3F5DC039-EED5-4F5A-8F95-7B8D2D4D268C}"
EndProject
Global
	GlobalSection(SolutionConfigurationPlatforms) = preSolution
		Debug|Any CPU = Debug|Any CPU
		Release|Any CPU = Release|Any CPU
	EndGlobalSection
	GlobalSection(ProjectConfigurationPlatforms) = postSolution
		{12D9669E-C186-4809-9461-4227E061A73B}.Debug|Any CPU.ActiveCfg = Debug|Any CPU
		{12D9669E-C186-4809-9461-4227E061A73B}.Debug|Any CPU.Build.0 = Debug|Any CPU
		{12D9669E-C186-4809-9461-4227E061A73B}.Release|Any CPU.ActiveCfg = Release|Any CPU
		{12D9669E-C186-4809-9461-4227E061A73B}.Release|Any CPU.Build.0 = Release|Any CPU
		{EA0E460D-CBA1-426D-9BA7-E583E4EC1B87}.Debug|Any CPU.ActiveCfg = Debug|Any CPU
		{EA0E460D-CBA1-426D-9BA7-E583E4EC1B87}.Debug|Any CPU.Build.0 = Debug|Any CPU
		{EA0E460D-CBA1-426D-9BA7-E583E4EC1B87}.Release|Any CPU.ActiveCfg = Release|Any CPU
		{EA0E460D-CBA1-426D-9BA7-E583E4EC1B87}.Release|Any CPU.Build.0 = Release|Any CPU
		{F72E540A-64B4-441E-8087-F83423881635}.Debug|Any CPU.ActiveCfg = Debug|Any CPU
		{F72E540A-64B4-441E-8087-F83423881635}.Debug|Any CPU.Build.0 = Debug|Any CPU
		{F72E540A-64B4-441E-8087-F83423881635}.Release|Any CPU.ActiveCfg = Release|Any CPU
		{F72E540A-64B4-441E-8087-F83423881635}.Release|Any CPU.Build.0 = Release|Any CPU
		{E257EA34-1069-4885-97BE-46E461F3CF63}.Debug|Any CPU.ActiveCfg = Debug|Any CPU
		{E257EA34-1069-4885-97BE-46E461F3CF63}.Debug|Any CPU.Build.0 = Debug|Any CPU
		{E257EA34-1069-4885-97BE-46E461F3CF63}.Release|Any CPU.ActiveCfg = Release|Any CPU
		{E257EA34-1069-4885-97BE-46E461F3CF63}.Release|Any CPU.Build.0 = Release|Any CPU
		{3F5DC039-EED5-4F5A-8F95-7B8D2D4D268C}.Debug|Any CPU.ActiveCfg = Debug|Any CPU
		{3F5DC039-EED5-4F5A-8F95-7B8D2D4D268C}.Debug|Any CPU.Build.0 = Debug|Any CPU
		{3F5DC039-EED5-4F5A-8F95-7B8D2D4D268C}.Release|Any CPU.ActiveCfg = Release|Any CPU
		{3F5DC039-EED5-4F5A-8F95-7B8D2D4D268C}.Release|Any CPU.Build.0 = Release|Any CPU
	EndGlobalSection
	GlobalSection(SolutionProperties) = preSolution
		HideSolutionNode = FALSE
	EndGlobalSection
	GlobalSection(NestedProjects) = preSolution
		{12D9669E-C186-4809-9461-4227E061A73B} = {8B86B5D0-63F3-4D86-8701-1EA9EF365C54}
		{EA0E460D-CBA1-426D-9BA7-E583E4EC1B87} = {65544F3F-BFE3-4DA1-A20C-B8276DC89373}
		{F72E540A-64B4-441E-8087-F83423881635} = {91D337B1-A981-4219-B974-504834BC0519}
		{E257EA34-1069-4885-97BE-46E461F3CF63} = {41B5063A-01ED-4252-A676-756AE9A0128B}
		{3F5DC039-EED5-4F5A-8F95-7B8D2D4D268C} = {6A51DBE7-11CC-400B-9F9C-80A6D0BC1213}
	EndGlobalSection
	GlobalSection(ExtensibilityGlobals) = postSolution
		SolutionGuid = {E194634A-C2D5-48D9-9748-FA3678D38BB7}
	EndGlobalSection
EndGlobal
